
Microsoft Visual Studio Solution File, Format Version 12.00
# Visual Studio Version 16
VisualStudioVersion = 16.0.30320.27
MinimumVisualStudioVersion = 10.0.40219.1
Project("{8BC9CEB8-8B4A-11D0-8D11-00A0C91BC942}") = "ETH0416S_panel", "src\ETH0416S_panel\ETH0416S_panel.vcxproj", "{7C839FC1-3326-8F7B-D4ED-99F2AC87399C}"
EndProject
Global
	GlobalSection(SolutionConfigurationPlatforms) = preSolution
		Debug|Win32 = Debug|Win32
		Debug|x64 = Debug|x64
		Release|Win32 = Release|Win32
		Release|x64 = Release|x64
		Template|Win32 = Template|Win32
		Template|x64 = Template|x64
	EndGlobalSection
	GlobalSection(ProjectConfigurationPlatforms) = postSolution
		{7C839FC1-3326-8F7B-D4ED-99F2AC87399C}.Debug|Win32.ActiveCfg = Debug|Win32
		{7C839FC1-3326-8F7B-D4ED-99F2AC87399C}.Debug|Win32.Build.0 = Debug|Win32
		{7C839FC1-3326-8F7B-D4ED-99F2AC87399C}.Debug|x64.ActiveCfg = Debug|x64
		{7C839FC1-3326-8F7B-D4ED-99F2AC87399C}.Debug|x64.Build.0 = Debug|x64
		{7C839FC1-3326-8F7B-D4ED-99F2AC87399C}.Release|Win32.ActiveCfg = Release|Win32
		{7C839FC1-3326-8F7B-D4ED-99F2AC87399C}.Release|Win32.Build.0 = Release|Win32
		{7C839FC1-3326-8F7B-D4ED-99F2AC87399C}.Release|x64.ActiveCfg = Release|x64
		{7C839FC1-3326-8F7B-D4ED-99F2AC87399C}.Release|x64.Build.0 = Release|x64
		{7C839FC1-3326-8F7B-D4ED-99F2AC87399C}.Template|Win32.ActiveCfg = Template|Win32
		{7C839FC1-3326-8F7B-D4ED-99F2AC87399C}.Template|Win32.Build.0 = Template|Win32
		{7C839FC1-3326-8F7B-D4ED-99F2AC87399C}.Template|x64.ActiveCfg = Template|x64
		{7C839FC1-3326-8F7B-D4ED-99F2AC87399C}.Template|x64.Build.0 = Template|x64
	EndGlobalSection
	GlobalSection(SolutionProperties) = preSolution
		HideSolutionNode = FALSE
	EndGlobalSection
	GlobalSection(ExtensibilityGlobals) = postSolution
		SolutionGuid = {795142EF-0C52-4CB7-BCF9-E419C2918813}
	EndGlobalSection
EndGlobal
